// !$*UTF8*$!
{
	archiveVersion = 1;
	classes = {
	};
	objectVersion = 51;
	objects = {

/* Begin PBXBuildFile section */
		9A0214D226E7AE0A005FB99A /* AddNeHabitController.swift in Sources */ = {isa = PBXBuildFile; fileRef = 9A0214D126E7AE0A005FB99A /* AddNeHabitController.swift */; };
		9A0214D426E7B456005FB99A /* Constants.swift in Sources */ = {isa = PBXBuildFile; fileRef = 9A0214D326E7B456005FB99A /* Constants.swift */; };
		9A569E3026EBB2DE006CACE7 /* notes in Resources */ = {isa = PBXBuildFile; fileRef = 9A569E2F26EBB2DE006CACE7 /* notes */; };
		9A8F179727E43E19001FD2E9 /* Availables.swift in Sources */ = {isa = PBXBuildFile; fileRef = 9A8F179627E43E19001FD2E9 /* Availables.swift */; };
		9A8F179E27E49A76001FD2E9 /* APITest.swift in Sources */ = {isa = PBXBuildFile; fileRef = 9A8F179D27E49A76001FD2E9 /* APITest.swift */; };
		9A9418B026DFBF4E00AE6A86 /* NegativeHabit.swift in Sources */ = {isa = PBXBuildFile; fileRef = 9A9418AF26DFBF4E00AE6A86 /* NegativeHabit.swift */; };
		9AD57C7126D827FE00E08812 /* CalenderController.swift in Sources */ = {isa = PBXBuildFile; fileRef = 9AD57C7026D827FE00E08812 /* CalenderController.swift */; };
		9AD57C7326D8280D00E08812 /* MonthView.swift in Sources */ = {isa = PBXBuildFile; fileRef = 9AD57C7226D8280D00E08812 /* MonthView.swift */; };
		9AD57C7526D8281E00E08812 /* WeekdaysView.swift in Sources */ = {isa = PBXBuildFile; fileRef = 9AD57C7426D8281E00E08812 /* WeekdaysView.swift */; };
		9AD57C7726D8282600E08812 /* CalendarView.swift in Sources */ = {isa = PBXBuildFile; fileRef = 9AD57C7626D8282600E08812 /* CalendarView.swift */; };
		9AD57C7926D8305900E08812 /* CalendarViewCell.swift in Sources */ = {isa = PBXBuildFile; fileRef = 9AD57C7826D8305900E08812 /* CalendarViewCell.swift */; };
		9AD57C7B26D8881900E08812 /* CalendarVC2.swift in Sources */ = {isa = PBXBuildFile; fileRef = 9AD57C7A26D8881900E08812 /* CalendarVC2.swift */; };
		9AD57C7D26D901CA00E08812 /* TodoView.swift in Sources */ = {isa = PBXBuildFile; fileRef = 9AD57C7C26D901CA00E08812 /* TodoView.swift */; };
		9AD57C7F26D908E200E08812 /* TodoMainController.swift in Sources */ = {isa = PBXBuildFile; fileRef = 9AD57C7E26D908E200E08812 /* TodoMainController.swift */; };
		9AD57C8126D90E8E00E08812 /* TodoTableCell.swift in Sources */ = {isa = PBXBuildFile; fileRef = 9AD57C8026D90E8E00E08812 /* TodoTableCell.swift */; };
		9AD57C8326D91A4400E08812 /* TodoViewModel.swift in Sources */ = {isa = PBXBuildFile; fileRef = 9AD57C8226D91A4400E08812 /* TodoViewModel.swift */; };
		9AD57CA626D93CB500E08812 /* NegativeMainController.swift in Sources */ = {isa = PBXBuildFile; fileRef = 9AD57CA526D93CB500E08812 /* NegativeMainController.swift */; };
		9AD57CA826D93EBD00E08812 /* AddTodoController.swift in Sources */ = {isa = PBXBuildFile; fileRef = 9AD57CA726D93EBD00E08812 /* AddTodoController.swift */; };
		9AD57CAB26D94ABF00E08812 /* CalendarMainController.swift in Sources */ = {isa = PBXBuildFile; fileRef = 9AD57CAA26D94ABF00E08812 /* CalendarMainController.swift */; };
		9ADD164726D68790001E736C /* AppDelegate.swift in Sources */ = {isa = PBXBuildFile; fileRef = 9ADD164626D68790001E736C /* AppDelegate.swift */; };
		9ADD164926D68790001E736C /* SceneDelegate.swift in Sources */ = {isa = PBXBuildFile; fileRef = 9ADD164826D68790001E736C /* SceneDelegate.swift */; };
		9ADD164E26D68790001E736C /* Main.storyboard in Resources */ = {isa = PBXBuildFile; fileRef = 9ADD164C26D68790001E736C /* Main.storyboard */; };
		9ADD165126D68790001E736C /* TodoHabit.xcdatamodeld in Sources */ = {isa = PBXBuildFile; fileRef = 9ADD164F26D68790001E736C /* TodoHabit.xcdatamodeld */; };
		9ADD165326D68792001E736C /* Assets.xcassets in Resources */ = {isa = PBXBuildFile; fileRef = 9ADD165226D68792001E736C /* Assets.xcassets */; };
		9ADD165626D68792001E736C /* LaunchScreen.storyboard in Resources */ = {isa = PBXBuildFile; fileRef = 9ADD165426D68792001E736C /* LaunchScreen.storyboard */; };
		9ADD165E26D68845001E736C /* MainTabController.swift in Sources */ = {isa = PBXBuildFile; fileRef = 9ADD165D26D68845001E736C /* MainTabController.swift */; };
		9ADD166026D688FE001E736C /* HabitController.swift in Sources */ = {isa = PBXBuildFile; fileRef = 9ADD165F26D688FE001E736C /* HabitController.swift */; };
		9ADD166226D68927001E736C /* TodoController.swift in Sources */ = {isa = PBXBuildFile; fileRef = 9ADD166126D68927001E736C /* TodoController.swift */; };
		9ADD166426D6895A001E736C /* SettingsController.swift in Sources */ = {isa = PBXBuildFile; fileRef = 9ADD166326D6895A001E736C /* SettingsController.swift */; };
		9ADD166826D68EF5001E736C /* HabitCell.swift in Sources */ = {isa = PBXBuildFile; fileRef = 9ADD166726D68EF5001E736C /* HabitCell.swift */; };
		9ADD166A26D68F04001E736C /* Habit.swift in Sources */ = {isa = PBXBuildFile; fileRef = 9ADD166926D68F04001E736C /* Habit.swift */; };
		9ADD166C26D68F0B001E736C /* HabitViewModel.swift in Sources */ = {isa = PBXBuildFile; fileRef = 9ADD166B26D68F0B001E736C /* HabitViewModel.swift */; };
		9ADD166E26D690F4001E736C /* Extensions.swift in Sources */ = {isa = PBXBuildFile; fileRef = 9ADD166D26D690F4001E736C /* Extensions.swift */; };
		9ADD167226D694B5001E736C /* Todo.swift in Sources */ = {isa = PBXBuildFile; fileRef = 9ADD167126D694B5001E736C /* Todo.swift */; };
		9ADD167426D697E6001E736C /* HabitHeader.swift in Sources */ = {isa = PBXBuildFile; fileRef = 9ADD167326D697E6001E736C /* HabitHeader.swift */; };
		9ADD167626D698A5001E736C /* HabitFooter.swift in Sources */ = {isa = PBXBuildFile; fileRef = 9ADD167526D698A5001E736C /* HabitFooter.swift */; };
		9ADD167A26D6B512001E736C /* CustomButton.swift in Sources */ = {isa = PBXBuildFile; fileRef = 9ADD167926D6B512001E736C /* CustomButton.swift */; };
		9AFB1F6426ECA7EA0086F9EA /* SubStructs.swift in Sources */ = {isa = PBXBuildFile; fileRef = 9AFB1F6326ECA7EA0086F9EA /* SubStructs.swift */; };
		9AFB1F8626ED004D0086F9EA /* AddHabitController.swift in Sources */ = {isa = PBXBuildFile; fileRef = 9AFB1F8526ED004D0086F9EA /* AddHabitController.swift */; };
		9AFB1F8826EE11930086F9EA /* SubViews.swift in Sources */ = {isa = PBXBuildFile; fileRef = 9AFB1F8726EE11930086F9EA /* SubViews.swift */; };
		9AFB1F8A26EE4E590086F9EA /* InputTextView.swift in Sources */ = {isa = PBXBuildFile; fileRef = 9AFB1F8926EE4E590086F9EA /* InputTextView.swift */; };
		9AFB1FAC26F393440086F9EA /* Service.swift in Sources */ = {isa = PBXBuildFile; fileRef = 9AFB1FAB26F393440086F9EA /* Service.swift */; };
		9AFB1FAF26F398A00086F9EA /* APITestViewController.swift in Sources */ = {isa = PBXBuildFile; fileRef = 9AFB1FAE26F398A00086F9EA /* APITestViewController.swift */; };
		DCE73BACB834DF19FD7948FF /* Pods_TodoHabit.framework in Frameworks */ = {isa = PBXBuildFile; fileRef = E4455510E93152162F620A63 /* Pods_TodoHabit.framework */; };
/* End PBXBuildFile section */

/* Begin PBXFileReference section */
		5525BE495496875C4F915E8D /* Pods-TodoHabit.debug.xcconfig */ = {isa = PBXFileReference; includeInIndex = 1; lastKnownFileType = text.xcconfig; name = "Pods-TodoHabit.debug.xcconfig"; path = "Target Support Files/Pods-TodoHabit/Pods-TodoHabit.debug.xcconfig"; sourceTree = "<group>"; };
		9A0214D126E7AE0A005FB99A /* AddNeHabitController.swift */ = {isa = PBXFileReference; lastKnownFileType = sourcecode.swift; path = AddNeHabitController.swift; sourceTree = "<group>"; };
		9A0214D326E7B456005FB99A /* Constants.swift */ = {isa = PBXFileReference; lastKnownFileType = sourcecode.swift; path = Constants.swift; sourceTree = "<group>"; };
		9A569E2F26EBB2DE006CACE7 /* notes */ = {isa = PBXFileReference; lastKnownFileType = text; path = notes; sourceTree = "<group>"; };
		9A8F179627E43E19001FD2E9 /* Availables.swift */ = {isa = PBXFileReference; lastKnownFileType = sourcecode.swift; path = Availables.swift; sourceTree = "<group>"; };
		9A8F179D27E49A76001FD2E9 /* APITest.swift */ = {isa = PBXFileReference; lastKnownFileType = sourcecode.swift; path = APITest.swift; sourceTree = "<group>"; };
		9A9418AF26DFBF4E00AE6A86 /* NegativeHabit.swift */ = {isa = PBXFileReference; lastKnownFileType = sourcecode.swift; path = NegativeHabit.swift; sourceTree = "<group>"; };
		9AD57C7026D827FE00E08812 /* CalenderController.swift */ = {isa = PBXFileReference; lastKnownFileType = sourcecode.swift; path = CalenderController.swift; sourceTree = "<group>"; };
		9AD57C7226D8280D00E08812 /* MonthView.swift */ = {isa = PBXFileReference; lastKnownFileType = sourcecode.swift; path = MonthView.swift; sourceTree = "<group>"; };
		9AD57C7426D8281E00E08812 /* WeekdaysView.swift */ = {isa = PBXFileReference; lastKnownFileType = sourcecode.swift; path = WeekdaysView.swift; sourceTree = "<group>"; };
		9AD57C7626D8282600E08812 /* CalendarView.swift */ = {isa = PBXFileReference; lastKnownFileType = sourcecode.swift; path = CalendarView.swift; sourceTree = "<group>"; };
		9AD57C7826D8305900E08812 /* CalendarViewCell.swift */ = {isa = PBXFileReference; lastKnownFileType = sourcecode.swift; path = CalendarViewCell.swift; sourceTree = "<group>"; };
		9AD57C7A26D8881900E08812 /* CalendarVC2.swift */ = {isa = PBXFileReference; lastKnownFileType = sourcecode.swift; path = CalendarVC2.swift; sourceTree = "<group>"; };
		9AD57C7C26D901CA00E08812 /* TodoView.swift */ = {isa = PBXFileReference; lastKnownFileType = sourcecode.swift; path = TodoView.swift; sourceTree = "<group>"; };
		9AD57C7E26D908E200E08812 /* TodoMainController.swift */ = {isa = PBXFileReference; lastKnownFileType = sourcecode.swift; path = TodoMainController.swift; sourceTree = "<group>"; };
		9AD57C8026D90E8E00E08812 /* TodoTableCell.swift */ = {isa = PBXFileReference; lastKnownFileType = sourcecode.swift; path = TodoTableCell.swift; sourceTree = "<group>"; };
		9AD57C8226D91A4400E08812 /* TodoViewModel.swift */ = {isa = PBXFileReference; lastKnownFileType = sourcecode.swift; path = TodoViewModel.swift; sourceTree = "<group>"; };
		9AD57CA526D93CB500E08812 /* NegativeMainController.swift */ = {isa = PBXFileReference; lastKnownFileType = sourcecode.swift; path = NegativeMainController.swift; sourceTree = "<group>"; };
		9AD57CA726D93EBD00E08812 /* AddTodoController.swift */ = {isa = PBXFileReference; lastKnownFileType = sourcecode.swift; path = AddTodoController.swift; sourceTree = "<group>"; };
		9AD57CAA26D94ABF00E08812 /* CalendarMainController.swift */ = {isa = PBXFileReference; lastKnownFileType = sourcecode.swift; path = CalendarMainController.swift; sourceTree = "<group>"; };
		9ADD164326D68790001E736C /* TodoHabit.app */ = {isa = PBXFileReference; explicitFileType = wrapper.application; includeInIndex = 0; path = TodoHabit.app; sourceTree = BUILT_PRODUCTS_DIR; };
		9ADD164626D68790001E736C /* AppDelegate.swift */ = {isa = PBXFileReference; lastKnownFileType = sourcecode.swift; path = AppDelegate.swift; sourceTree = "<group>"; };
		9ADD164826D68790001E736C /* SceneDelegate.swift */ = {isa = PBXFileReference; lastKnownFileType = sourcecode.swift; path = SceneDelegate.swift; sourceTree = "<group>"; };
		9ADD164D26D68790001E736C /* Base */ = {isa = PBXFileReference; lastKnownFileType = file.storyboard; name = Base; path = Base.lproj/Main.storyboard; sourceTree = "<group>"; };
		9ADD165026D68790001E736C /* TodoHabit.xcdatamodel */ = {isa = PBXFileReference; lastKnownFileType = wrapper.xcdatamodel; path = TodoHabit.xcdatamodel; sourceTree = "<group>"; };
		9ADD165226D68792001E736C /* Assets.xcassets */ = {isa = PBXFileReference; lastKnownFileType = folder.assetcatalog; path = Assets.xcassets; sourceTree = "<group>"; };
		9ADD165526D68792001E736C /* Base */ = {isa = PBXFileReference; lastKnownFileType = file.storyboard; name = Base; path = Base.lproj/LaunchScreen.storyboard; sourceTree = "<group>"; };
		9ADD165726D68792001E736C /* Info.plist */ = {isa = PBXFileReference; lastKnownFileType = text.plist.xml; path = Info.plist; sourceTree = "<group>"; };
		9ADD165D26D68845001E736C /* MainTabController.swift */ = {isa = PBXFileReference; lastKnownFileType = sourcecode.swift; path = MainTabController.swift; sourceTree = "<group>"; };
		9ADD165F26D688FE001E736C /* HabitController.swift */ = {isa = PBXFileReference; lastKnownFileType = sourcecode.swift; path = HabitController.swift; sourceTree = "<group>"; };
		9ADD166126D68927001E736C /* TodoController.swift */ = {isa = PBXFileReference; lastKnownFileType = sourcecode.swift; path = TodoController.swift; sourceTree = "<group>"; };
		9ADD166326D6895A001E736C /* SettingsController.swift */ = {isa = PBXFileReference; lastKnownFileType = sourcecode.swift; path = SettingsController.swift; sourceTree = "<group>"; };
		9ADD166726D68EF5001E736C /* HabitCell.swift */ = {isa = PBXFileReference; lastKnownFileType = sourcecode.swift; path = HabitCell.swift; sourceTree = "<group>"; };
		9ADD166926D68F04001E736C /* Habit.swift */ = {isa = PBXFileReference; lastKnownFileType = sourcecode.swift; path = Habit.swift; sourceTree = "<group>"; };
		9ADD166B26D68F0B001E736C /* HabitViewModel.swift */ = {isa = PBXFileReference; lastKnownFileType = sourcecode.swift; path = HabitViewModel.swift; sourceTree = "<group>"; };
		9ADD166D26D690F4001E736C /* Extensions.swift */ = {isa = PBXFileReference; lastKnownFileType = sourcecode.swift; path = Extensions.swift; sourceTree = "<group>"; };
		9ADD167126D694B5001E736C /* Todo.swift */ = {isa = PBXFileReference; lastKnownFileType = sourcecode.swift; path = Todo.swift; sourceTree = "<group>"; };
		9ADD167326D697E6001E736C /* HabitHeader.swift */ = {isa = PBXFileReference; lastKnownFileType = sourcecode.swift; path = HabitHeader.swift; sourceTree = "<group>"; };
		9ADD167526D698A5001E736C /* HabitFooter.swift */ = {isa = PBXFileReference; lastKnownFileType = sourcecode.swift; path = HabitFooter.swift; sourceTree = "<group>"; };
		9ADD167926D6B512001E736C /* CustomButton.swift */ = {isa = PBXFileReference; lastKnownFileType = sourcecode.swift; path = CustomButton.swift; sourceTree = "<group>"; };
		9AFB1F6326ECA7EA0086F9EA /* SubStructs.swift */ = {isa = PBXFileReference; lastKnownFileType = sourcecode.swift; path = SubStructs.swift; sourceTree = "<group>"; };
		9AFB1F8526ED004D0086F9EA /* AddHabitController.swift */ = {isa = PBXFileReference; lastKnownFileType = sourcecode.swift; path = AddHabitController.swift; sourceTree = "<group>"; };
		9AFB1F8726EE11930086F9EA /* SubViews.swift */ = {isa = PBXFileReference; lastKnownFileType = sourcecode.swift; path = SubViews.swift; sourceTree = "<group>"; };
		9AFB1F8926EE4E590086F9EA /* InputTextView.swift */ = {isa = PBXFileReference; lastKnownFileType = sourcecode.swift; path = InputTextView.swift; sourceTree = "<group>"; };
		9AFB1FAB26F393440086F9EA /* Service.swift */ = {isa = PBXFileReference; lastKnownFileType = sourcecode.swift; path = Service.swift; sourceTree = "<group>"; };
		9AFB1FAE26F398A00086F9EA /* APITestViewController.swift */ = {isa = PBXFileReference; lastKnownFileType = sourcecode.swift; path = APITestViewController.swift; sourceTree = "<group>"; };
		D9646708317359677E61B4D6 /* Pods-TodoHabit.release.xcconfig */ = {isa = PBXFileReference; includeInIndex = 1; lastKnownFileType = text.xcconfig; name = "Pods-TodoHabit.release.xcconfig"; path = "Target Support Files/Pods-TodoHabit/Pods-TodoHabit.release.xcconfig"; sourceTree = "<group>"; };
		E4455510E93152162F620A63 /* Pods_TodoHabit.framework */ = {isa = PBXFileReference; explicitFileType = wrapper.framework; includeInIndex = 0; path = Pods_TodoHabit.framework; sourceTree = BUILT_PRODUCTS_DIR; };
/* End PBXFileReference section */

/* Begin PBXFrameworksBuildPhase section */
		9ADD164026D68790001E736C /* Frameworks */ = {
			isa = PBXFrameworksBuildPhase;
			buildActionMask = 2147483647;
			files = (
				DCE73BACB834DF19FD7948FF /* Pods_TodoHabit.framework in Frameworks */,
			);
			runOnlyForDeploymentPostprocessing = 0;
		};
/* End PBXFrameworksBuildPhase section */

/* Begin PBXGroup section */
		45D8C4BE65E072D1C3E17E3A /* Pods */ = {
			isa = PBXGroup;
			children = (
				5525BE495496875C4F915E8D /* Pods-TodoHabit.debug.xcconfig */,
				D9646708317359677E61B4D6 /* Pods-TodoHabit.release.xcconfig */,
			);
			path = Pods;
			sourceTree = "<group>";
		};
		9A02152C26EBA795005FB99A /* AddControllers */ = {
			isa = PBXGroup;
			children = (
				9A0214D126E7AE0A005FB99A /* AddNeHabitController.swift */,
				9AD57CA726D93EBD00E08812 /* AddTodoController.swift */,
				9AFB1F8526ED004D0086F9EA /* AddHabitController.swift */,
				9AFB1F8726EE11930086F9EA /* SubViews.swift */,
			);
			path = AddControllers;
			sourceTree = "<group>";
		};
		9AD57C4E26D6F4FE00E08812 /* Models */ = {
			isa = PBXGroup;
			children = (
				9ADD167126D694B5001E736C /* Todo.swift */,
				9ADD166926D68F04001E736C /* Habit.swift */,
				9A9418AF26DFBF4E00AE6A86 /* NegativeHabit.swift */,
				9AFB1FAD26F3960D0086F9EA /* SubModels */,
			);
			path = Models;
			sourceTree = "<group>";
		};
		9AD57C6F26D827DD00E08812 /* Calender */ = {
			isa = PBXGroup;
			children = (
				9AD57C7026D827FE00E08812 /* CalenderController.swift */,
				9AD57C7226D8280D00E08812 /* MonthView.swift */,
				9AD57C7426D8281E00E08812 /* WeekdaysView.swift */,
				9AD57C7626D8282600E08812 /* CalendarView.swift */,
				9AD57C7826D8305900E08812 /* CalendarViewCell.swift */,
				9AD57C7A26D8881900E08812 /* CalendarVC2.swift */,
			);
			path = Calender;
			sourceTree = "<group>";
		};
		9AD57CA426D93C9C00E08812 /* NegativeHabits */ = {
			isa = PBXGroup;
			children = (
				9AD57CA526D93CB500E08812 /* NegativeMainController.swift */,
			);
			path = NegativeHabits;
			sourceTree = "<group>";
		};
		9AD57CA926D94AAD00E08812 /* Calendar */ = {
			isa = PBXGroup;
			children = (
				9AD57CAA26D94ABF00E08812 /* CalendarMainController.swift */,
			);
			path = Calendar;
			sourceTree = "<group>";
		};
		9ADD163A26D68790001E736C = {
			isa = PBXGroup;
			children = (
				9A569E2F26EBB2DE006CACE7 /* notes */,
				9ADD164526D68790001E736C /* TodoHabit */,
				9ADD164426D68790001E736C /* Products */,
				45D8C4BE65E072D1C3E17E3A /* Pods */,
				FEB06E34831AB60C2ACFADFB /* Frameworks */,
			);
			sourceTree = "<group>";
		};
		9ADD164426D68790001E736C /* Products */ = {
			isa = PBXGroup;
			children = (
				9ADD164326D68790001E736C /* TodoHabit.app */,
			);
			name = Products;
			sourceTree = "<group>";
		};
		9ADD164526D68790001E736C /* TodoHabit */ = {
			isa = PBXGroup;
			children = (
				9ADD164626D68790001E736C /* AppDelegate.swift */,
				9ADD164826D68790001E736C /* SceneDelegate.swift */,
				9AD57CA926D94AAD00E08812 /* Calendar */,
				9AD57CA426D93C9C00E08812 /* NegativeHabits */,
				9AD57C4E26D6F4FE00E08812 /* Models */,
				9A02152C26EBA795005FB99A /* AddControllers */,
				9ADD166626D68ECC001E736C /* Habits */,
				9ADD167026D694AF001E736C /* Todos */,
				9AD57C6F26D827DD00E08812 /* Calender */,
				9ADD166526D68B4D001E736C /* MainControllers */,
				9ADD166F26D69104001E736C /* Utils */,
				9ADD165226D68792001E736C /* Assets.xcassets */,
				9ADD165426D68792001E736C /* LaunchScreen.storyboard */,
				9ADD164C26D68790001E736C /* Main.storyboard */,
				9AFB1FAE26F398A00086F9EA /* APITestViewController.swift */,
				9A8F179D27E49A76001FD2E9 /* APITest.swift */,
				9A8F179627E43E19001FD2E9 /* Availables.swift */,
				9AFB1FAB26F393440086F9EA /* Service.swift */,
				9ADD165726D68792001E736C /* Info.plist */,
				9ADD164F26D68790001E736C /* TodoHabit.xcdatamodeld */,
			);
			path = TodoHabit;
			sourceTree = "<group>";
		};
		9ADD166526D68B4D001E736C /* MainControllers */ = {
			isa = PBXGroup;
			children = (
				9ADD166326D6895A001E736C /* SettingsController.swift */,
				9ADD165D26D68845001E736C /* MainTabController.swift */,
			);
			path = MainControllers;
			sourceTree = "<group>";
		};
		9ADD166626D68ECC001E736C /* Habits */ = {
			isa = PBXGroup;
			children = (
				9ADD165F26D688FE001E736C /* HabitController.swift */,
				9ADD166726D68EF5001E736C /* HabitCell.swift */,
				9ADD167326D697E6001E736C /* HabitHeader.swift */,
				9ADD167526D698A5001E736C /* HabitFooter.swift */,
				9ADD166B26D68F0B001E736C /* HabitViewModel.swift */,
			);
			path = Habits;
			sourceTree = "<group>";
		};
		9ADD166F26D69104001E736C /* Utils */ = {
			isa = PBXGroup;
			children = (
				9ADD166D26D690F4001E736C /* Extensions.swift */,
				9A0214D326E7B456005FB99A /* Constants.swift */,
				9ADD167926D6B512001E736C /* CustomButton.swift */,
				9AFB1F8926EE4E590086F9EA /* InputTextView.swift */,
			);
			path = Utils;
			sourceTree = "<group>";
		};
		9ADD167026D694AF001E736C /* Todos */ = {
			isa = PBXGroup;
			children = (
				9AD57C7E26D908E200E08812 /* TodoMainController.swift */,
				9AD57C7C26D901CA00E08812 /* TodoView.swift */,
				9AD57C8026D90E8E00E08812 /* TodoTableCell.swift */,
				9AD57C8226D91A4400E08812 /* TodoViewModel.swift */,
				9ADD166126D68927001E736C /* TodoController.swift */,
			);
			path = Todos;
			sourceTree = "<group>";
		};
		9AFB1FAD26F3960D0086F9EA /* SubModels */ = {
			isa = PBXGroup;
			children = (
				9AFB1F6326ECA7EA0086F9EA /* SubStructs.swift */,
			);
			path = SubModels;
			sourceTree = "<group>";
		};
		FEB06E34831AB60C2ACFADFB /* Frameworks */ = {
			isa = PBXGroup;
			children = (
				E4455510E93152162F620A63 /* Pods_TodoHabit.framework */,
			);
			name = Frameworks;
			sourceTree = "<group>";
		};
/* End PBXGroup section */

/* Begin PBXNativeTarget section */
		9ADD164226D68790001E736C /* TodoHabit */ = {
			isa = PBXNativeTarget;
			buildConfigurationList = 9ADD165A26D68792001E736C /* Build configuration list for PBXNativeTarget "TodoHabit" */;
			buildPhases = (
				AD8630DBE53E923D51FB3143 /* [CP] Check Pods Manifest.lock */,
				9ADD163F26D68790001E736C /* Sources */,
				9ADD164026D68790001E736C /* Frameworks */,
				9ADD164126D68790001E736C /* Resources */,
				B90D656AB78DF1989C6A210E /* [CP] Embed Pods Frameworks */,
			);
			buildRules = (
			);
			dependencies = (
			);
			name = TodoHabit;
			productName = TodoHabit;
			productReference = 9ADD164326D68790001E736C /* TodoHabit.app */;
			productType = "com.apple.product-type.application";
		};
/* End PBXNativeTarget section */

/* Begin PBXProject section */
		9ADD163B26D68790001E736C /* Project object */ = {
			isa = PBXProject;
			attributes = {
				LastSwiftUpdateCheck = 1250;
				LastUpgradeCheck = 1250;
				TargetAttributes = {
					9ADD164226D68790001E736C = {
						CreatedOnToolsVersion = 12.5.1;
					};
				};
			};
			buildConfigurationList = 9ADD163E26D68790001E736C /* Build configuration list for PBXProject "TodoHabit" */;
			compatibilityVersion = "Xcode 9.3";
			developmentRegion = en;
			hasScannedForEncodings = 0;
			knownRegions = (
				en,
				Base,
			);
			mainGroup = 9ADD163A26D68790001E736C;
			productRefGroup = 9ADD164426D68790001E736C /* Products */;
			projectDirPath = "";
			projectRoot = "";
			targets = (
				9ADD164226D68790001E736C /* TodoHabit */,
			);
		};
/* End PBXProject section */

/* Begin PBXResourcesBuildPhase section */
		9ADD164126D68790001E736C /* Resources */ = {
			isa = PBXResourcesBuildPhase;
			buildActionMask = 2147483647;
			files = (
				9ADD165626D68792001E736C /* LaunchScreen.storyboard in Resources */,
				9ADD165326D68792001E736C /* Assets.xcassets in Resources */,
				9A569E3026EBB2DE006CACE7 /* notes in Resources */,
				9ADD164E26D68790001E736C /* Main.storyboard in Resources */,
			);
			runOnlyForDeploymentPostprocessing = 0;
		};
/* End PBXResourcesBuildPhase section */

/* Begin PBXShellScriptBuildPhase section */
		AD8630DBE53E923D51FB3143 /* [CP] Check Pods Manifest.lock */ = {
			isa = PBXShellScriptBuildPhase;
			buildActionMask = 2147483647;
			files = (
			);
			inputFileListPaths = (
			);
			inputPaths = (
				"${PODS_PODFILE_DIR_PATH}/Podfile.lock",
				"${PODS_ROOT}/Manifest.lock",
			);
			name = "[CP] Check Pods Manifest.lock";
			outputFileListPaths = (
			);
			outputPaths = (
				"$(DERIVED_FILE_DIR)/Pods-TodoHabit-checkManifestLockResult.txt",
			);
			runOnlyForDeploymentPostprocessing = 0;
			shellPath = /bin/sh;
			shellScript = "diff \"${PODS_PODFILE_DIR_PATH}/Podfile.lock\" \"${PODS_ROOT}/Manifest.lock\" > /dev/null\nif [ $? != 0 ] ; then\n    # print error to STDERR\n    echo \"error: The sandbox is not in sync with the Podfile.lock. Run 'pod install' or update your CocoaPods installation.\" >&2\n    exit 1\nfi\n# This output is used by Xcode 'outputs' to avoid re-running this script phase.\necho \"SUCCESS\" > \"${SCRIPT_OUTPUT_FILE_0}\"\n";
			showEnvVarsInLog = 0;
		};
		B90D656AB78DF1989C6A210E /* [CP] Embed Pods Frameworks */ = {
			isa = PBXShellScriptBuildPhase;
			buildActionMask = 2147483647;
			files = (
			);
			inputFileListPaths = (
				"${PODS_ROOT}/Target Support Files/Pods-TodoHabit/Pods-TodoHabit-frameworks-${CONFIGURATION}-input-files.xcfilelist",
			);
			name = "[CP] Embed Pods Frameworks";
			outputFileListPaths = (
				"${PODS_ROOT}/Target Support Files/Pods-TodoHabit/Pods-TodoHabit-frameworks-${CONFIGURATION}-output-files.xcfilelist",
			);
			runOnlyForDeploymentPostprocessing = 0;
			shellPath = /bin/sh;
			shellScript = "\"${PODS_ROOT}/Target Support Files/Pods-TodoHabit/Pods-TodoHabit-frameworks.sh\"\n";
			showEnvVarsInLog = 0;
		};
/* End PBXShellScriptBuildPhase section */

/* Begin PBXSourcesBuildPhase section */
		9ADD163F26D68790001E736C /* Sources */ = {
			isa = PBXSourcesBuildPhase;
			buildActionMask = 2147483647;
			files = (
				9AD57CAB26D94ABF00E08812 /* CalendarMainController.swift in Sources */,
				9AD57C7926D8305900E08812 /* CalendarViewCell.swift in Sources */,
				9AD57CA826D93EBD00E08812 /* AddTodoController.swift in Sources */,
				9ADD166426D6895A001E736C /* SettingsController.swift in Sources */,
				9AFB1F6426ECA7EA0086F9EA /* SubStructs.swift in Sources */,
				9AFB1FAC26F393440086F9EA /* Service.swift in Sources */,
				9ADD165126D68790001E736C /* TodoHabit.xcdatamodeld in Sources */,
				9AFB1F8A26EE4E590086F9EA /* InputTextView.swift in Sources */,
				9AD57CA626D93CB500E08812 /* NegativeMainController.swift in Sources */,
				9ADD166026D688FE001E736C /* HabitController.swift in Sources */,
				9A9418B026DFBF4E00AE6A86 /* NegativeHabit.swift in Sources */,
				9ADD165E26D68845001E736C /* MainTabController.swift in Sources */,
				9ADD166C26D68F0B001E736C /* HabitViewModel.swift in Sources */,
				9ADD166226D68927001E736C /* TodoController.swift in Sources */,
				9AD57C8126D90E8E00E08812 /* TodoTableCell.swift in Sources */,
				9AD57C8326D91A4400E08812 /* TodoViewModel.swift in Sources */,
				9AD57C7126D827FE00E08812 /* CalenderController.swift in Sources */,
				9AFB1F8626ED004D0086F9EA /* AddHabitController.swift in Sources */,
				9ADD167426D697E6001E736C /* HabitHeader.swift in Sources */,
				9AD57C7B26D8881900E08812 /* CalendarVC2.swift in Sources */,
				9A8F179E27E49A76001FD2E9 /* APITest.swift in Sources */,
				9ADD166E26D690F4001E736C /* Extensions.swift in Sources */,
				9AD57C7326D8280D00E08812 /* MonthView.swift in Sources */,
				9ADD166A26D68F04001E736C /* Habit.swift in Sources */,
				9AD57C7526D8281E00E08812 /* WeekdaysView.swift in Sources */,
				9ADD167626D698A5001E736C /* HabitFooter.swift in Sources */,
				9A0214D426E7B456005FB99A /* Constants.swift in Sources */,
				9ADD164726D68790001E736C /* AppDelegate.swift in Sources */,
				9AD57C7D26D901CA00E08812 /* TodoView.swift in Sources */,
				9AFB1F8826EE11930086F9EA /* SubViews.swift in Sources */,
				9A8F179727E43E19001FD2E9 /* Availables.swift in Sources */,
				9ADD167A26D6B512001E736C /* CustomButton.swift in Sources */,
				9AD57C7F26D908E200E08812 /* TodoMainController.swift in Sources */,
				9AFB1FAF26F398A00086F9EA /* APITestViewController.swift in Sources */,
				9AD57C7726D8282600E08812 /* CalendarView.swift in Sources */,
				9ADD164926D68790001E736C /* SceneDelegate.swift in Sources */,
				9A0214D226E7AE0A005FB99A /* AddNeHabitController.swift in Sources */,
				9ADD167226D694B5001E736C /* Todo.swift in Sources */,
				9ADD166826D68EF5001E736C /* HabitCell.swift in Sources */,
			);
			runOnlyForDeploymentPostprocessing = 0;
		};
/* End PBXSourcesBuildPhase section */

/* Begin PBXVariantGroup section */
		9ADD164C26D68790001E736C /* Main.storyboard */ = {
			isa = PBXVariantGroup;
			children = (
				9ADD164D26D68790001E736C /* Base */,
			);
			name = Main.storyboard;
			sourceTree = "<group>";
		};
		9ADD165426D68792001E736C /* LaunchScreen.storyboard */ = {
			isa = PBXVariantGroup;
			children = (
				9ADD165526D68792001E736C /* Base */,
			);
			name = LaunchScreen.storyboard;
			sourceTree = "<group>";
		};
/* End PBXVariantGroup section */

/* Begin XCBuildConfiguration section */
		9ADD165826D68792001E736C /* Debug */ = {
			isa = XCBuildConfiguration;
			buildSettings = {
				ALWAYS_SEARCH_USER_PATHS = NO;
				CLANG_ANALYZER_NONNULL = YES;
				CLANG_ANALYZER_NUMBER_OBJECT_CONVERSION = YES_AGGRESSIVE;
				CLANG_CXX_LANGUAGE_STANDARD = "gnu++14";
				CLANG_CXX_LIBRARY = "libc++";
				CLANG_ENABLE_MODULES = YES;
				CLANG_ENABLE_OBJC_ARC = YES;
				CLANG_ENABLE_OBJC_WEAK = YES;
				CLANG_WARN_BLOCK_CAPTURE_AUTORELEASING = YES;
				CLANG_WARN_BOOL_CONVERSION = YES;
				CLANG_WARN_COMMA = YES;
				CLANG_WARN_CONSTANT_CONVERSION = YES;
				CLANG_WARN_DEPRECATED_OBJC_IMPLEMENTATIONS = YES;
				CLANG_WARN_DIRECT_OBJC_ISA_USAGE = YES_ERROR;
				CLANG_WARN_DOCUMENTATION_COMMENTS = YES;
				CLANG_WARN_EMPTY_BODY = YES;
				CLANG_WARN_ENUM_CONVERSION = YES;
				CLANG_WARN_INFINITE_RECURSION = YES;
				CLANG_WARN_INT_CONVERSION = YES;
				CLANG_WARN_NON_LITERAL_NULL_CONVERSION = YES;
				CLANG_WARN_OBJC_IMPLICIT_RETAIN_SELF = YES;
				CLANG_WARN_OBJC_LITERAL_CONVERSION = YES;
				CLANG_WARN_OBJC_ROOT_CLASS = YES_ERROR;
				CLANG_WARN_QUOTED_INCLUDE_IN_FRAMEWORK_HEADER = YES;
				CLANG_WARN_RANGE_LOOP_ANALYSIS = YES;
				CLANG_WARN_STRICT_PROTOTYPES = YES;
				CLANG_WARN_SUSPICIOUS_MOVE = YES;
				CLANG_WARN_UNGUARDED_AVAILABILITY = YES_AGGRESSIVE;
				CLANG_WARN_UNREACHABLE_CODE = YES;
				CLANG_WARN__DUPLICATE_METHOD_MATCH = YES;
				COPY_PHASE_STRIP = NO;
				DEBUG_INFORMATION_FORMAT = dwarf;
				ENABLE_STRICT_OBJC_MSGSEND = YES;
				ENABLE_TESTABILITY = YES;
				GCC_C_LANGUAGE_STANDARD = gnu11;
				GCC_DYNAMIC_NO_PIC = NO;
				GCC_NO_COMMON_BLOCKS = YES;
				GCC_OPTIMIZATION_LEVEL = 0;
				GCC_PREPROCESSOR_DEFINITIONS = (
					"DEBUG=1",
					"$(inherited)",
				);
				GCC_WARN_64_TO_32_BIT_CONVERSION = YES;
				GCC_WARN_ABOUT_RETURN_TYPE = YES_ERROR;
				GCC_WARN_UNDECLARED_SELECTOR = YES;
				GCC_WARN_UNINITIALIZED_AUTOS = YES_AGGRESSIVE;
				GCC_WARN_UNUSED_FUNCTION = YES;
				GCC_WARN_UNUSED_VARIABLE = YES;
				IPHONEOS_DEPLOYMENT_TARGET = 14.5;
				MTL_ENABLE_DEBUG_INFO = INCLUDE_SOURCE;
				MTL_FAST_MATH = YES;
				ONLY_ACTIVE_ARCH = YES;
				SDKROOT = iphoneos;
				SWIFT_ACTIVE_COMPILATION_CONDITIONS = DEBUG;
				SWIFT_OPTIMIZATION_LEVEL = "-Onone";
			};
			name = Debug;
		};
		9ADD165926D68792001E736C /* Release */ = {
			isa = XCBuildConfiguration;
			buildSettings = {
				ALWAYS_SEARCH_USER_PATHS = NO;
				CLANG_ANALYZER_NONNULL = YES;
				CLANG_ANALYZER_NUMBER_OBJECT_CONVERSION = YES_AGGRESSIVE;
				CLANG_CXX_LANGUAGE_STANDARD = "gnu++14";
				CLANG_CXX_LIBRARY = "libc++";
				CLANG_ENABLE_MODULES = YES;
				CLANG_ENABLE_OBJC_ARC = YES;
				CLANG_ENABLE_OBJC_WEAK = YES;
				CLANG_WARN_BLOCK_CAPTURE_AUTORELEASING = YES;
				CLANG_WARN_BOOL_CONVERSION = YES;
				CLANG_WARN_COMMA = YES;
				CLANG_WARN_CONSTANT_CONVERSION = YES;
				CLANG_WARN_DEPRECATED_OBJC_IMPLEMENTATIONS = YES;
				CLANG_WARN_DIRECT_OBJC_ISA_USAGE = YES_ERROR;
				CLANG_WARN_DOCUMENTATION_COMMENTS = YES;
				CLANG_WARN_EMPTY_BODY = YES;
				CLANG_WARN_ENUM_CONVERSION = YES;
				CLANG_WARN_INFINITE_RECURSION = YES;
				CLANG_WARN_INT_CONVERSION = YES;
				CLANG_WARN_NON_LITERAL_NULL_CONVERSION = YES;
				CLANG_WARN_OBJC_IMPLICIT_RETAIN_SELF = YES;
				CLANG_WARN_OBJC_LITERAL_CONVERSION = YES;
				CLANG_WARN_OBJC_ROOT_CLASS = YES_ERROR;
				CLANG_WARN_QUOTED_INCLUDE_IN_FRAMEWORK_HEADER = YES;
				CLANG_WARN_RANGE_LOOP_ANALYSIS = YES;
				CLANG_WARN_STRICT_PROTOTYPES = YES;
				CLANG_WARN_SUSPICIOUS_MOVE = YES;
				CLANG_WARN_UNGUARDED_AVAILABILITY = YES_AGGRESSIVE;
				CLANG_WARN_UNREACHABLE_CODE = YES;
				CLANG_WARN__DUPLICATE_METHOD_MATCH = YES;
				COPY_PHASE_STRIP = NO;
				DEBUG_INFORMATION_FORMAT = "dwarf-with-dsym";
				ENABLE_NS_ASSERTIONS = NO;
				ENABLE_STRICT_OBJC_MSGSEND = YES;
				GCC_C_LANGUAGE_STANDARD = gnu11;
				GCC_NO_COMMON_BLOCKS = YES;
				GCC_WARN_64_TO_32_BIT_CONVERSION = YES;
				GCC_WARN_ABOUT_RETURN_TYPE = YES_ERROR;
				GCC_WARN_UNDECLARED_SELECTOR = YES;
				GCC_WARN_UNINITIALIZED_AUTOS = YES_AGGRESSIVE;
				GCC_WARN_UNUSED_FUNCTION = YES;
				GCC_WARN_UNUSED_VARIABLE = YES;
				IPHONEOS_DEPLOYMENT_TARGET = 14.5;
				MTL_ENABLE_DEBUG_INFO = NO;
				MTL_FAST_MATH = YES;
				SDKROOT = iphoneos;
				SWIFT_COMPILATION_MODE = wholemodule;
				SWIFT_OPTIMIZATION_LEVEL = "-O";
				VALIDATE_PRODUCT = YES;
			};
			name = Release;
		};
		9ADD165B26D68792001E736C /* Debug */ = {
			isa = XCBuildConfiguration;
			baseConfigurationReference = 5525BE495496875C4F915E8D /* Pods-TodoHabit.debug.xcconfig */;
			buildSettings = {
				ASSETCATALOG_COMPILER_APPICON_NAME = AppIcon;
				ASSETCATALOG_COMPILER_GLOBAL_ACCENT_COLOR_NAME = AccentColor;
				CODE_SIGN_STYLE = Automatic;
				DEVELOPMENT_TEAM = F23GD77ZRK;
				INFOPLIST_FILE = TodoHabit/Info.plist;
				LD_RUNPATH_SEARCH_PATHS = (
					"$(inherited)",
					"@executable_path/Frameworks",
				);
				PRODUCT_BUNDLE_IDENTIFIER = "hanmok-main.TodoHabit";
				PRODUCT_NAME = "$(TARGET_NAME)";
				SWIFT_VERSION = 5.0;
				TARGETED_DEVICE_FAMILY = "1,2";
			};
			name = Debug;
		};
		9ADD165C26D68792001E736C /* Release */ = {
			isa = XCBuildConfiguration;
			baseConfigurationReference = D9646708317359677E61B4D6 /* Pods-TodoHabit.release.xcconfig */;
			buildSettings = {
				ASSETCATALOG_COMPILER_APPICON_NAME = AppIcon;
				ASSETCATALOG_COMPILER_GLOBAL_ACCENT_COLOR_NAME = AccentColor;
				CODE_SIGN_STYLE = Automatic;
				DEVELOPMENT_TEAM = F23GD77ZRK;
				INFOPLIST_FILE = TodoHabit/Info.plist;
				LD_RUNPATH_SEARCH_PATHS = (
					"$(inherited)",
					"@executable_path/Frameworks",
				);
				PRODUCT_BUNDLE_IDENTIFIER = "hanmok-main.TodoHabit";
				PRODUCT_NAME = "$(TARGET_NAME)";
				SWIFT_VERSION = 5.0;
				TARGETED_DEVICE_FAMILY = "1,2";
			};
			name = Release;
		};
/* End XCBuildConfiguration section */

/* Begin XCConfigurationList section */
		9ADD163E26D68790001E736C /* Build configuration list for PBXProject "TodoHabit" */ = {
			isa = XCConfigurationList;
			buildConfigurations = (
				9ADD165826D68792001E736C /* Debug */,
				9ADD165926D68792001E736C /* Release */,
			);
			defaultConfigurationIsVisible = 0;
			defaultConfigurationName = Release;
		};
		9ADD165A26D68792001E736C /* Build configuration list for PBXNativeTarget "TodoHabit" */ = {
			isa = XCConfigurationList;
			buildConfigurations = (
				9ADD165B26D68792001E736C /* Debug */,
				9ADD165C26D68792001E736C /* Release */,
			);
			defaultConfigurationIsVisible = 0;
			defaultConfigurationName = Release;
		};
/* End XCConfigurationList section */

/* Begin XCVersionGroup section */
		9ADD164F26D68790001E736C /* TodoHabit.xcdatamodeld */ = {
			isa = XCVersionGroup;
			children = (
				9ADD165026D68790001E736C /* TodoHabit.xcdatamodel */,
			);
			currentVersion = 9ADD165026D68790001E736C /* TodoHabit.xcdatamodel */;
			path = TodoHabit.xcdatamodeld;
			sourceTree = "<group>";
			versionGroupType = wrapper.xcdatamodel;
		};
/* End XCVersionGroup section */
	};
	rootObject = 9ADD163B26D68790001E736C /* Project object */;
}
